
Microsoft Visual Studio Solution File, Format Version 12.00
# Visual Studio Version 16
VisualStudioVersion = 25.0.1706.4
MinimumVisualStudioVersion = 10.0.40219.1
Project("{FAE04EC0-301F-11D3-BF4B-00C04F79EFBC}") = "ExpressionEvaluation", "ExpressionEvaluation\ExpressionEvaluation.csproj", "{EF7A7C66-58D7-4BD0-BF48-F90B71F68467}"
EndProject
Global
	GlobalSection(SolutionConfigurationPlatforms) = preSolution
		Debug|Any CPU = Debug|Any CPU
		Release|Any CPU = Release|Any CPU
	EndGlobalSection
	GlobalSection(ProjectConfigurationPlatforms) = postSolution
		{EF7A7C66-58D7-4BD0-BF48-F90B71F68467}.Debug|Any CPU.ActiveCfg = Debug|Any CPU
		{EF7A7C66-58D7-4BD0-BF48-F90B71F68467}.Debug|Any CPU.Build.0 = Debug|Any CPU
		{EF7A7C66-58D7-4BD0-BF48-F90B71F68467}.Release|Any CPU.ActiveCfg = Release|Any CPU
		{EF7A7C66-58D7-4BD0-BF48-F90B71F68467}.Release|Any CPU.Build.0 = Release|Any CPU
	EndGlobalSection
	GlobalSection(SolutionProperties) = preSolution
		HideSolutionNode = FALSE
	EndGlobalSection
	GlobalSection(ExtensibilityGlobals) = postSolution
		SolutionGuid = {6EF18664-CE48-47D2-8C27-6DAA540D4E23}
	EndGlobalSection
EndGlobal
